
Microsoft Visual Studio Solution File, Format Version 12.00
# Visual Studio 15
VisualStudioVersion = 15.0.27130.2024
MinimumVisualStudioVersion = 10.0.40219.1
Project("{FAE04EC0-301F-11D3-BF4B-00C04F79EFBC}") = "DBCache", "DBCache\DBCache.csproj", "{C1E67F43-9EC6-4282-9458-E1F2446D069D}"
EndProject
Project("{9A19103F-16F7-4668-BE54-9A1E7A4F7556}") = "Interfaces", "NoSQL2SQL\Interfaces\Interfaces.csproj", "{DDBBE0C3-29FC-4C55-9C3E-265B6D6FAC05}"
EndProject
Project("{FAE04EC0-301F-11D3-BF4B-00C04F79EFBC}") = "DBCache.Tests", "DBCache.Tests\DBCache.Tests.csproj", "{BFBF9DCE-7DC6-4FE4-9FC3-4AF77F120E34}"
EndProject
Global
	GlobalSection(SolutionConfigurationPlatforms) = preSolution
		Debug|Any CPU = Debug|Any CPU
		Release|Any CPU = Release|Any CPU
	EndGlobalSection
	GlobalSection(ProjectConfigurationPlatforms) = postSolution
		{C1E67F43-9EC6-4282-9458-E1F2446D069D}.Debug|Any CPU.ActiveCfg = Debug|Any CPU
		{C1E67F43-9EC6-4282-9458-E1F2446D069D}.Debug|Any CPU.Build.0 = Debug|Any CPU
		{C1E67F43-9EC6-4282-9458-E1F2446D069D}.Release|Any CPU.ActiveCfg = Release|Any CPU
		{C1E67F43-9EC6-4282-9458-E1F2446D069D}.Release|Any CPU.Build.0 = Release|Any CPU
		{DDBBE0C3-29FC-4C55-9C3E-265B6D6FAC05}.Debug|Any CPU.ActiveCfg = Debug|Any CPU
		{DDBBE0C3-29FC-4C55-9C3E-265B6D6FAC05}.Debug|Any CPU.Build.0 = Debug|Any CPU
		{DDBBE0C3-29FC-4C55-9C3E-265B6D6FAC05}.Release|Any CPU.ActiveCfg = Release|Any CPU
		{DDBBE0C3-29FC-4C55-9C3E-265B6D6FAC05}.Release|Any CPU.Build.0 = Release|Any CPU
		{BFBF9DCE-7DC6-4FE4-9FC3-4AF77F120E34}.Debug|Any CPU.ActiveCfg = Debug|Any CPU
		{BFBF9DCE-7DC6-4FE4-9FC3-4AF77F120E34}.Debug|Any CPU.Build.0 = Debug|Any CPU
		{BFBF9DCE-7DC6-4FE4-9FC3-4AF77F120E34}.Release|Any CPU.ActiveCfg = Release|Any CPU
		{BFBF9DCE-7DC6-4FE4-9FC3-4AF77F120E34}.Release|Any CPU.Build.0 = Release|Any CPU
	EndGlobalSection
	GlobalSection(SolutionProperties) = preSolution
		HideSolutionNode = FALSE
	EndGlobalSection
	GlobalSection(ExtensibilityGlobals) = postSolution
		SolutionGuid = {F8300E7A-AEE6-4F07-966E-F1354CEA06D0}
	EndGlobalSection
EndGlobal
